// !$*UTF8*$!
{
	archiveVersion = 1;
	classes = {
	};
	objectVersion = 50;
	objects = {

/* Begin PBXBuildFile section */
		7B9B518222F4B49500FACFAF /* AppDelegate.swift in Sources */ = {isa = PBXBuildFile; fileRef = 7B9B518122F4B49500FACFAF /* AppDelegate.swift */; };
		7B9B518422F4B49500FACFAF /* SceneDelegate.swift in Sources */ = {isa = PBXBuildFile; fileRef = 7B9B518322F4B49500FACFAF /* SceneDelegate.swift */; };
		7B9B518622F4B49500FACFAF /* ContentView.swift in Sources */ = {isa = PBXBuildFile; fileRef = 7B9B518522F4B49500FACFAF /* ContentView.swift */; };
		7B9B518822F4B49700FACFAF /* Assets.xcassets in Resources */ = {isa = PBXBuildFile; fileRef = 7B9B518722F4B49700FACFAF /* Assets.xcassets */; };
		7B9B518B22F4B49700FACFAF /* Preview Assets.xcassets in Resources */ = {isa = PBXBuildFile; fileRef = 7B9B518A22F4B49700FACFAF /* Preview Assets.xcassets */; };
		7B9B518E22F4B49700FACFAF /* LaunchScreen.storyboard in Resources */ = {isa = PBXBuildFile; fileRef = 7B9B518C22F4B49700FACFAF /* LaunchScreen.storyboard */; };
/* End PBXBuildFile section */

/* Begin PBXFileReference section */
		7B9B517E22F4B49500FACFAF /* ReadLater.app */ = {isa = PBXFileReference; explicitFileType = wrapper.application; includeInIndex = 0; path = ReadLater.app; sourceTree = BUILT_PRODUCTS_DIR; };
		7B9B518122F4B49500FACFAF /* AppDelegate.swift */ = {isa = PBXFileReference; lastKnownFileType = sourcecode.swift; path = AppDelegate.swift; sourceTree = "<group>"; };
		7B9B518322F4B49500FACFAF /* SceneDelegate.swift */ = {isa = PBXFileReference; lastKnownFileType = sourcecode.swift; path = SceneDelegate.swift; sourceTree = "<group>"; };
		7B9B518522F4B49500FACFAF /* ContentView.swift */ = {isa = PBXFileReference; lastKnownFileType = sourcecode.swift; path = ContentView.swift; sourceTree = "<group>"; };
		7B9B518722F4B49700FACFAF /* Assets.xcassets */ = {isa = PBXFileReference; lastKnownFileType = folder.assetcatalog; path = Assets.xcassets; sourceTree = "<group>"; };
		7B9B518A22F4B49700FACFAF /* Preview Assets.xcassets */ = {isa = PBXFileReference; lastKnownFileType = folder.assetcatalog; path = "Preview Assets.xcassets"; sourceTree = "<group>"; };
		7B9B518D22F4B49700FACFAF /* Base */ = {isa = PBXFileReference; lastKnownFileType = file.storyboard; name = Base; path = Base.lproj/LaunchScreen.storyboard; sourceTree = "<group>"; };
		7B9B518F22F4B49700FACFAF /* Info.plist */ = {isa = PBXFileReference; lastKnownFileType = text.plist.xml; path = Info.plist; sourceTree = "<group>"; };
/* End PBXFileReference section */

/* Begin PBXFrameworksBuildPhase section */
		7B9B517B22F4B49500FACFAF /* Frameworks */ = {
			isa = PBXFrameworksBuildPhase;
			buildActionMask = 2147483647;
			files = (
			);
			runOnlyForDeploymentPostprocessing = 0;
		};
/* End PBXFrameworksBuildPhase section */

/* Begin PBXGroup section */
		7B9B517522F4B49500FACFAF = {
			isa = PBXGroup;
			children = (
				7B9B518022F4B49500FACFAF /* ReadLater */,
				7B9B517F22F4B49500FACFAF /* Products */,
			);
			sourceTree = "<group>";
		};
		7B9B517F22F4B49500FACFAF /* Products */ = {
			isa = PBXGroup;
			children = (
				7B9B517E22F4B49500FACFAF /* ReadLater.app */,
			);
			name = Products;
			sourceTree = "<group>";
		};
		7B9B518022F4B49500FACFAF /* ReadLater */ = {
			isa = PBXGroup;
			children = (
				7B9B518122F4B49500FACFAF /* AppDelegate.swift */,
				7B9B518322F4B49500FACFAF /* SceneDelegate.swift */,
				7B9B518522F4B49500FACFAF /* ContentView.swift */,
				7B9B518722F4B49700FACFAF /* Assets.xcassets */,
				7B9B518C22F4B49700FACFAF /* LaunchScreen.storyboard */,
				7B9B518F22F4B49700FACFAF /* Info.plist */,
				7B9B518922F4B49700FACFAF /* Preview Content */,
			);
			path = ReadLater;
			sourceTree = "<group>";
		};
		7B9B518922F4B49700FACFAF /* Preview Content */ = {
			isa = PBXGroup;
			children = (
				7B9B518A22F4B49700FACFAF /* Preview Assets.xcassets */,
			);
			path = "Preview Content";
			sourceTree = "<group>";
		};
/* End PBXGroup section */

/* Begin PBXNativeTarget section */
		7B9B517D22F4B49500FACFAF /* ReadLater */ = {
			isa = PBXNativeTarget;
			buildConfigurationList = 7B9B519222F4B49700FACFAF /* Build configuration list for PBXNativeTarget "ReadLater" */;
			buildPhases = (
				7B9B517A22F4B49500FACFAF /* Sources */,
				7B9B517B22F4B49500FACFAF /* Frameworks */,
				7B9B517C22F4B49500FACFAF /* Resources */,
			);
			buildRules = (
			);
			dependencies = (
			);
			name = ReadLater;
			productName = ReadLater;
			productReference = 7B9B517E22F4B49500FACFAF /* ReadLater.app */;
			productType = "com.apple.product-type.application";
		};
/* End PBXNativeTarget section */

/* Begin PBXProject section */
		7B9B517622F4B49500FACFAF /* Project object */ = {
			isa = PBXProject;
			attributes = {
				LastSwiftUpdateCheck = 1100;
				LastUpgradeCheck = 1100;
				ORGANIZATIONNAME = "Jakob Sen";
				TargetAttributes = {
					7B9B517D22F4B49500FACFAF = {
						CreatedOnToolsVersion = 11.0;
					};
				};
			};
			buildConfigurationList = 7B9B517922F4B49500FACFAF /* Build configuration list for PBXProject "ReadLater" */;
			compatibilityVersion = "Xcode 9.3";
			developmentRegion = en;
			hasScannedForEncodings = 0;
			knownRegions = (
				en,
				Base,
			);
			mainGroup = 7B9B517522F4B49500FACFAF;
			productRefGroup = 7B9B517F22F4B49500FACFAF /* Products */;
			projectDirPath = "";
			projectRoot = "";
			targets = (
				7B9B517D22F4B49500FACFAF /* ReadLater */,
			);
		};
/* End PBXProject section */

/* Begin PBXResourcesBuildPhase section */
		7B9B517C22F4B49500FACFAF /* Resources */ = {
			isa = PBXResourcesBuildPhase;
			buildActionMask = 2147483647;
			files = (
				7B9B518E22F4B49700FACFAF /* LaunchScreen.storyboard in Resources */,
				7B9B518B22F4B49700FACFAF /* Preview Assets.xcassets in Resources */,
				7B9B518822F4B49700FACFAF /* Assets.xcassets in Resources */,
			);
			runOnlyForDeploymentPostprocessing = 0;
		};
/* End PBXResourcesBuildPhase section */

/* Begin PBXSourcesBuildPhase section */
		7B9B517A22F4B49500FACFAF /* Sources */ = {
			isa = PBXSourcesBuildPhase;
			buildActionMask = 2147483647;
			files = (
				7B9B518222F4B49500FACFAF /* AppDelegate.swift in Sources */,
				7B9B518422F4B49500FACFAF /* SceneDelegate.swift in Sources */,
				7B9B518622F4B49500FACFAF /* ContentView.swift in Sources */,
			);
			runOnlyForDeploymentPostprocessing = 0;
		};
/* End PBXSourcesBuildPhase section */

/* Begin PBXVariantGroup section */
		7B9B518C22F4B49700FACFAF /* LaunchScreen.storyboard */ = {
			isa = PBXVariantGroup;
			children = (
				7B9B518D22F4B49700FACFAF /* Base */,
			);
			name = LaunchScreen.storyboard;
			sourceTree = "<group>";
		};
/* End PBXVariantGroup section */

/* Begin XCBuildConfiguration section */
		7B9B519022F4B49700FACFAF /* Debug */ = {
			isa = XCBuildConfiguration;
			buildSettings = {
				ALWAYS_SEARCH_USER_PATHS = NO;
				CLANG_ANALYZER_NONNULL = YES;
				CLANG_ANALYZER_NUMBER_OBJECT_CONVERSION = YES_AGGRESSIVE;
				CLANG_CXX_LANGUAGE_STANDARD = "gnu++14";
				CLANG_CXX_LIBRARY = "libc++";
				CLANG_ENABLE_MODULES = YES;
				CLANG_ENABLE_OBJC_ARC = YES;
				CLANG_ENABLE_OBJC_WEAK = YES;
				CLANG_WARN_BLOCK_CAPTURE_AUTORELEASING = YES;
				CLANG_WARN_BOOL_CONVERSION = YES;
				CLANG_WARN_COMMA = YES;
				CLANG_WARN_CONSTANT_CONVERSION = YES;
				CLANG_WARN_DEPRECATED_OBJC_IMPLEMENTATIONS = YES;
				CLANG_WARN_DIRECT_OBJC_ISA_USAGE = YES_ERROR;
				CLANG_WARN_DOCUMENTATION_COMMENTS = YES;
				CLANG_WARN_EMPTY_BODY = YES;
				CLANG_WARN_ENUM_CONVERSION = YES;
				CLANG_WARN_INFINITE_RECURSION = YES;
				CLANG_WARN_INT_CONVERSION = YES;
				CLANG_WARN_NON_LITERAL_NULL_CONVERSION = YES;
				CLANG_WARN_OBJC_IMPLICIT_RETAIN_SELF = YES;
				CLANG_WARN_OBJC_LITERAL_CONVERSION = YES;
				CLANG_WARN_OBJC_ROOT_CLASS = YES_ERROR;
				CLANG_WARN_RANGE_LOOP_ANALYSIS = YES;
				CLANG_WARN_STRICT_PROTOTYPES = YES;
				CLANG_WARN_SUSPICIOUS_MOVE = YES;
				CLANG_WARN_UNGUARDED_AVAILABILITY = YES_AGGRESSIVE;
				CLANG_WARN_UNREACHABLE_CODE = YES;
				CLANG_WARN__DUPLICATE_METHOD_MATCH = YES;
				COPY_PHASE_STRIP = NO;
				DEBUG_INFORMATION_FORMAT = dwarf;
				ENABLE_STRICT_OBJC_MSGSEND = YES;
				ENABLE_TESTABILITY = YES;
				GCC_C_LANGUAGE_STANDARD = gnu11;
				GCC_DYNAMIC_NO_PIC = NO;
				GCC_NO_COMMON_BLOCKS = YES;
				GCC_OPTIMIZATION_LEVEL = 0;
				GCC_PREPROCESSOR_DEFINITIONS = (
					"DEBUG=1",
					"$(inherited)",
				);
				GCC_WARN_64_TO_32_BIT_CONVERSION = YES;
				GCC_WARN_ABOUT_RETURN_TYPE = YES_ERROR;
				GCC_WARN_UNDECLARED_SELECTOR = YES;
				GCC_WARN_UNINITIALIZED_AUTOS = YES_AGGRESSIVE;
				GCC_WARN_UNUSED_FUNCTION = YES;
				GCC_WARN_UNUSED_VARIABLE = YES;
				IPHONEOS_DEPLOYMENT_TARGET = 13.0;
				MTL_ENABLE_DEBUG_INFO = INCLUDE_SOURCE;
				MTL_FAST_MATH = YES;
				ONLY_ACTIVE_ARCH = YES;
				SDKROOT = iphoneos;
				SWIFT_ACTIVE_COMPILATION_CONDITIONS = DEBUG;
				SWIFT_OPTIMIZATION_LEVEL = "-Onone";
			};
			name = Debug;
		};
		7B9B519122F4B49700FACFAF /* Release */ = {
			isa = XCBuildConfiguration;
			buildSettings = {
				ALWAYS_SEARCH_USER_PATHS = NO;
				CLANG_ANALYZER_NONNULL = YES;
				CLANG_ANALYZER_NUMBER_OBJECT_CONVERSION = YES_AGGRESSIVE;
				CLANG_CXX_LANGUAGE_STANDARD = "gnu++14";
				CLANG_CXX_LIBRARY = "libc++";
				CLANG_ENABLE_MODULES = YES;
				CLANG_ENABLE_OBJC_ARC = YES;
				CLANG_ENABLE_OBJC_WEAK = YES;
				CLANG_WARN_BLOCK_CAPTURE_AUTORELEASING = YES;
				CLANG_WARN_BOOL_CONVERSION = YES;
				CLANG_WARN_COMMA = YES;
				CLANG_WARN_CONSTANT_CONVERSION = YES;
				CLANG_WARN_DEPRECATED_OBJC_IMPLEMENTATIONS = YES;
				CLANG_WARN_DIRECT_OBJC_ISA_USAGE = YES_ERROR;
				CLANG_WARN_DOCUMENTATION_COMMENTS = YES;
				CLANG_WARN_EMPTY_BODY = YES;
				CLANG_WARN_ENUM_CONVERSION = YES;
				CLANG_WARN_INFINITE_RECURSION = YES;
				CLANG_WARN_INT_CONVERSION = YES;
				CLANG_WARN_NON_LITERAL_NULL_CONVERSION = YES;
				CLANG_WARN_OBJC_IMPLICIT_RETAIN_SELF = YES;
				CLANG_WARN_OBJC_LITERAL_CONVERSION = YES;
				CLANG_WARN_OBJC_ROOT_CLASS = YES_ERROR;
				CLANG_WARN_RANGE_LOOP_ANALYSIS = YES;
				CLANG_WARN_STRICT_PROTOTYPES = YES;
				CLANG_WARN_SUSPICIOUS_MOVE = YES;
				CLANG_WARN_UNGUARDED_AVAILABILITY = YES_AGGRESSIVE;
				CLANG_WARN_UNREACHABLE_CODE = YES;
				CLANG_WARN__DUPLICATE_METHOD_MATCH = YES;
				COPY_PHASE_STRIP = NO;
				DEBUG_INFORMATION_FORMAT = "dwarf-with-dsym";
				ENABLE_NS_ASSERTIONS = NO;
				ENABLE_STRICT_OBJC_MSGSEND = YES;
				GCC_C_LANGUAGE_STANDARD = gnu11;
				GCC_NO_COMMON_BLOCKS = YES;
				GCC_WARN_64_TO_32_BIT_CONVERSION = YES;
				GCC_WARN_ABOUT_RETURN_TYPE = YES_ERROR;
				GCC_WARN_UNDECLARED_SELECTOR = YES;
				GCC_WARN_UNINITIALIZED_AUTOS = YES_AGGRESSIVE;
				GCC_WARN_UNUSED_FUNCTION = YES;
				GCC_WARN_UNUSED_VARIABLE = YES;
				IPHONEOS_DEPLOYMENT_TARGET = 13.0;
				MTL_ENABLE_DEBUG_INFO = NO;
				MTL_FAST_MATH = YES;
				SDKROOT = iphoneos;
				SWIFT_COMPILATION_MODE = wholemodule;
				SWIFT_OPTIMIZATION_LEVEL = "-O";
				VALIDATE_PRODUCT = YES;
			};
			name = Release;
		};
		7B9B519322F4B49700FACFAF /* Debug */ = {
			isa = XCBuildConfiguration;
			buildSettings = {
				ASSETCATALOG_COMPILER_APPICON_NAME = AppIcon;
				CODE_SIGN_STYLE = Automatic;
				DEVELOPMENT_ASSET_PATHS = "ReadLater/Preview\\ Content";
				DEVELOPMENT_TEAM = 9VENT5YE3P;
				ENABLE_PREVIEWS = YES;
				INFOPLIST_FILE = ReadLater/Info.plist;
				LD_RUNPATH_SEARCH_PATHS = (
					"$(inherited)",
					"@executable_path/Frameworks",
				);
				PRODUCT_BUNDLE_IDENTIFIER = com.jakobsen.readlater.ReadLater;
				PRODUCT_NAME = "$(TARGET_NAME)";
				SWIFT_VERSION = 5.0;
				TARGETED_DEVICE_FAMILY = "1,2";
			};
			name = Debug;
		};
		7B9B519422F4B49700FACFAF /* Release */ = {
			isa = XCBuildConfiguration;
			buildSettings = {
				ASSETCATALOG_COMPILER_APPICON_NAME = AppIcon;
				CODE_SIGN_STYLE = Automatic;
				DEVELOPMENT_ASSET_PATHS = "ReadLater/Preview\\ Content";
				DEVELOPMENT_TEAM = 9VENT5YE3P;
				ENABLE_PREVIEWS = YES;
				INFOPLIST_FILE = ReadLater/Info.plist;
				LD_RUNPATH_SEARCH_PATHS = (
					"$(inherited)",
					"@executable_path/Frameworks",
				);
				PRODUCT_BUNDLE_IDENTIFIER = com.jakobsen.readlater.ReadLater;
				PRODUCT_NAME = "$(TARGET_NAME)";
				SWIFT_VERSION = 5.0;
				TARGETED_DEVICE_FAMILY = "1,2";
			};
			name = Release;
		};
/* End XCBuildConfiguration section */

/* Begin XCConfigurationList section */
		7B9B517922F4B49500FACFAF /* Build configuration list for PBXProject "ReadLater" */ = {
			isa = XCConfigurationList;
			buildConfigurations = (
				7B9B519022F4B49700FACFAF /* Debug */,
				7B9B519122F4B49700FACFAF /* Release */,
			);
			defaultConfigurationIsVisible = 0;
			defaultConfigurationName = Release;
		};
		7B9B519222F4B49700FACFAF /* Build configuration list for PBXNativeTarget "ReadLater" */ = {
			isa = XCConfigurationList;
			buildConfigurations = (
				7B9B519322F4B49700FACFAF /* Debug */,
				7B9B519422F4B49700FACFAF /* Release */,
			);
			defaultConfigurationIsVisible = 0;
			defaultConfigurationName = Release;
		};
/* End XCConfigurationList section */
	};
	rootObject = 7B9B517622F4B49500FACFAF /* Project object */;
}
